
Microsoft Visual Studio Solution File, Format Version 12.00
#
Project("{FAE04EC0-301F-11D3-BF4B-00C04F79EFBC}") = "DataFlowArena", "DataFlowArena\DataFlowArena.csproj", "{CE780F6F-C04D-4D0C-8E28-1150903F623C}"
EndProject
Project("{FAE04EC0-301F-11D3-BF4B-00C04F79EFBC}") = "DataFlowProducerConsumer", "DataFlowProducerConsumer\DataFlowProducerConsumer.csproj", "{F2CE2A09-EEAB-4CF5-8EE4-6C6978C7E831}"
EndProject
Project("{FAE04EC0-301F-11D3-BF4B-00C04F79EFBC}") = "DataFlowPerformWhen", "DataFlowPerformWhen\DataFlowPerformWhen.csproj", "{8723EB9D-955D-4EAE-A1B4-EB8781FD146B}"
EndProject
Project("{2150E333-8FDC-42A3-9474-1A3956D46DE8}") = "NewEtoApp", "NewEtoApp", "{F7E09D7E-D297-47BA-A892-6FF2A33F9C0F}"
EndProject
Project("{FAE04EC0-301F-11D3-BF4B-00C04F79EFBC}") = "NewEtoApp", "NewEtoApp\NewEtoApp\NewEtoApp.csproj", "{EF3BF6A3-E802-40BB-88A2-FBA15484FE6E}"
EndProject
Project("{FAE04EC0-301F-11D3-BF4B-00C04F79EFBC}") = "EtoApplication1", "NewEtoApp\EtoApplication1\EtoApplication1\EtoApplication1.csproj", "{7DEEB4A3-4E58-4044-8D0C-3497A1FA05B3}"
EndProject
Project("{FAE04EC0-301F-11D3-BF4B-00C04F79EFBC}") = "EtoApplication1.Gtk", "NewEtoApp\EtoApplication1\EtoApplication1.Gtk\EtoApplication1.Gtk.csproj", "{488E3A9D-7EC8-40BB-AAC5-FC9F23C56567}"
EndProject
Project("{FAE04EC0-301F-11D3-BF4B-00C04F79EFBC}") = "EtoApplication1.Mac", "NewEtoApp\EtoApplication1\EtoApplication1.Mac\EtoApplication1.Mac.csproj", "{4A99373C-1102-46D8-AD1B-1AB89CDDD34C}"
EndProject
Project("{FAE04EC0-301F-11D3-BF4B-00C04F79EFBC}") = "EtoApplication1.Wpf", "NewEtoApp\EtoApplication1\EtoApplication1.Wpf\EtoApplication1.Wpf.csproj", "{D15C4BD4-95C4-49CE-8DBA-F89787F078B2}"
EndProject
Project("{FAE04EC0-301F-11D3-BF4B-00C04F79EFBC}") = "TestDataFlow", "TestDataFlow\TestDataFlow.csproj", "{649DF136-8635-4EC0-BAF5-80703CB3CEBA}"
EndProject
Global
	GlobalSection(SolutionConfigurationPlatforms) = preSolution
		Debug|Any CPU = Debug|Any CPU
		Release|Any CPU = Release|Any CPU
	EndGlobalSection
	GlobalSection(ProjectConfigurationPlatforms) = postSolution
		{CE780F6F-C04D-4D0C-8E28-1150903F623C}.Debug|Any CPU.ActiveCfg = Debug|Any CPU
		{CE780F6F-C04D-4D0C-8E28-1150903F623C}.Debug|Any CPU.Build.0 = Debug|Any CPU
		{CE780F6F-C04D-4D0C-8E28-1150903F623C}.Release|Any CPU.ActiveCfg = Release|Any CPU
		{CE780F6F-C04D-4D0C-8E28-1150903F623C}.Release|Any CPU.Build.0 = Release|Any CPU
		{F2CE2A09-EEAB-4CF5-8EE4-6C6978C7E831}.Debug|Any CPU.ActiveCfg = Debug|Any CPU
		{F2CE2A09-EEAB-4CF5-8EE4-6C6978C7E831}.Debug|Any CPU.Build.0 = Debug|Any CPU
		{F2CE2A09-EEAB-4CF5-8EE4-6C6978C7E831}.Release|Any CPU.ActiveCfg = Release|Any CPU
		{F2CE2A09-EEAB-4CF5-8EE4-6C6978C7E831}.Release|Any CPU.Build.0 = Release|Any CPU
		{8723EB9D-955D-4EAE-A1B4-EB8781FD146B}.Debug|Any CPU.ActiveCfg = Debug|Any CPU
		{8723EB9D-955D-4EAE-A1B4-EB8781FD146B}.Debug|Any CPU.Build.0 = Debug|Any CPU
		{8723EB9D-955D-4EAE-A1B4-EB8781FD146B}.Release|Any CPU.ActiveCfg = Release|Any CPU
		{8723EB9D-955D-4EAE-A1B4-EB8781FD146B}.Release|Any CPU.Build.0 = Release|Any CPU
		{EF3BF6A3-E802-40BB-88A2-FBA15484FE6E}.Debug|Any CPU.ActiveCfg = Debug|Any CPU
		{EF3BF6A3-E802-40BB-88A2-FBA15484FE6E}.Debug|Any CPU.Build.0 = Debug|Any CPU
		{EF3BF6A3-E802-40BB-88A2-FBA15484FE6E}.Release|Any CPU.ActiveCfg = Release|Any CPU
		{EF3BF6A3-E802-40BB-88A2-FBA15484FE6E}.Release|Any CPU.Build.0 = Release|Any CPU
		{7DEEB4A3-4E58-4044-8D0C-3497A1FA05B3}.Debug|Any CPU.ActiveCfg = Debug|Any CPU
		{7DEEB4A3-4E58-4044-8D0C-3497A1FA05B3}.Debug|Any CPU.Build.0 = Debug|Any CPU
		{7DEEB4A3-4E58-4044-8D0C-3497A1FA05B3}.Release|Any CPU.ActiveCfg = Release|Any CPU
		{7DEEB4A3-4E58-4044-8D0C-3497A1FA05B3}.Release|Any CPU.Build.0 = Release|Any CPU
		{488E3A9D-7EC8-40BB-AAC5-FC9F23C56567}.Debug|Any CPU.ActiveCfg = Debug|Any CPU
		{488E3A9D-7EC8-40BB-AAC5-FC9F23C56567}.Debug|Any CPU.Build.0 = Debug|Any CPU
		{488E3A9D-7EC8-40BB-AAC5-FC9F23C56567}.Release|Any CPU.ActiveCfg = Release|Any CPU
		{488E3A9D-7EC8-40BB-AAC5-FC9F23C56567}.Release|Any CPU.Build.0 = Release|Any CPU
		{4A99373C-1102-46D8-AD1B-1AB89CDDD34C}.Debug|Any CPU.ActiveCfg = Debug|Any CPU
		{4A99373C-1102-46D8-AD1B-1AB89CDDD34C}.Debug|Any CPU.Build.0 = Debug|Any CPU
		{4A99373C-1102-46D8-AD1B-1AB89CDDD34C}.Release|Any CPU.ActiveCfg = Release|Any CPU
		{4A99373C-1102-46D8-AD1B-1AB89CDDD34C}.Release|Any CPU.Build.0 = Release|Any CPU
		{D15C4BD4-95C4-49CE-8DBA-F89787F078B2}.Debug|Any CPU.ActiveCfg = Debug|Any CPU
		{D15C4BD4-95C4-49CE-8DBA-F89787F078B2}.Debug|Any CPU.Build.0 = Debug|Any CPU
		{D15C4BD4-95C4-49CE-8DBA-F89787F078B2}.Release|Any CPU.ActiveCfg = Release|Any CPU
		{D15C4BD4-95C4-49CE-8DBA-F89787F078B2}.Release|Any CPU.Build.0 = Release|Any CPU
		{649DF136-8635-4EC0-BAF5-80703CB3CEBA}.Debug|Any CPU.ActiveCfg = Debug|Any CPU
		{649DF136-8635-4EC0-BAF5-80703CB3CEBA}.Debug|Any CPU.Build.0 = Debug|Any CPU
		{649DF136-8635-4EC0-BAF5-80703CB3CEBA}.Release|Any CPU.ActiveCfg = Release|Any CPU
		{649DF136-8635-4EC0-BAF5-80703CB3CEBA}.Release|Any CPU.Build.0 = Release|Any CPU
	EndGlobalSection
	GlobalSection(NestedProjects) = preSolution
		{EF3BF6A3-E802-40BB-88A2-FBA15484FE6E} = {F7E09D7E-D297-47BA-A892-6FF2A33F9C0F}
		{7DEEB4A3-4E58-4044-8D0C-3497A1FA05B3} = {F7E09D7E-D297-47BA-A892-6FF2A33F9C0F}
		{488E3A9D-7EC8-40BB-AAC5-FC9F23C56567} = {F7E09D7E-D297-47BA-A892-6FF2A33F9C0F}
		{4A99373C-1102-46D8-AD1B-1AB89CDDD34C} = {F7E09D7E-D297-47BA-A892-6FF2A33F9C0F}
		{D15C4BD4-95C4-49CE-8DBA-F89787F078B2} = {F7E09D7E-D297-47BA-A892-6FF2A33F9C0F}
	EndGlobalSection
EndGlobal
