
Microsoft Visual Studio Solution File, Format Version 12.00
#
Project("{2150E333-8FDC-42A3-9474-1A3956D46DE8}") = "Tests", "Tests", "{EDBCAD98-8301-4413-B7DC-11E412BF4DA1}"
EndProject
Project("{2150E333-8FDC-42A3-9474-1A3956D46DE8}") = "Unit", "Unit", "{4184119F-052D-4461-9861-3B9F89697695}"
EndProject
Project("{2150E333-8FDC-42A3-9474-1A3956D46DE8}") = "Integration", "Integration", "{90BFC564-2F50-4AF5-9AE1-437437609BF1}"
EndProject
Project("{2150E333-8FDC-42A3-9474-1A3956D46DE8}") = "App", "App", "{BF41FA88-5E34-470D-9C9F-47E71FE7648C}"
EndProject
Project("{FAE04EC0-301F-11D3-BF4B-00C04F79EFBC}") = "TrafficControlApp", "App\TrafficControlApp\TrafficControlApp.csproj", "{BF4DD434-F68C-4574-90AC-BD23468EFD44}"
EndProject
Project("{FAE04EC0-301F-11D3-BF4B-00C04F79EFBC}") = "TrafficControlApp.Tests", "Tests\Unit\TrafficControlApp.Tests\TrafficControlApp.Tests.csproj", "{B8D0B566-0B76-4780-96CA-4460EA8D5BB9}"
EndProject
Project("{2150E333-8FDC-42A3-9474-1A3956D46DE8}") = "TestShared", "TestShared", "{F229031D-4EDE-4932-8C40-170ABA0D475E}"
EndProject
Project("{FAE04EC0-301F-11D3-BF4B-00C04F79EFBC}") = "Common", "Tests\TestShared\Common\Common.csproj", "{90461B86-8569-408B-AF27-1FEBA662B2D4}"
EndProject
Global
	GlobalSection(SolutionConfigurationPlatforms) = preSolution
		Debug|Any CPU = Debug|Any CPU
		Release|Any CPU = Release|Any CPU
	EndGlobalSection
	GlobalSection(ProjectConfigurationPlatforms) = postSolution
		{BF4DD434-F68C-4574-90AC-BD23468EFD44}.Debug|Any CPU.ActiveCfg = Debug|Any CPU
		{BF4DD434-F68C-4574-90AC-BD23468EFD44}.Debug|Any CPU.Build.0 = Debug|Any CPU
		{BF4DD434-F68C-4574-90AC-BD23468EFD44}.Release|Any CPU.ActiveCfg = Release|Any CPU
		{BF4DD434-F68C-4574-90AC-BD23468EFD44}.Release|Any CPU.Build.0 = Release|Any CPU
		{B8D0B566-0B76-4780-96CA-4460EA8D5BB9}.Debug|Any CPU.ActiveCfg = Debug|Any CPU
		{B8D0B566-0B76-4780-96CA-4460EA8D5BB9}.Debug|Any CPU.Build.0 = Debug|Any CPU
		{B8D0B566-0B76-4780-96CA-4460EA8D5BB9}.Release|Any CPU.ActiveCfg = Release|Any CPU
		{B8D0B566-0B76-4780-96CA-4460EA8D5BB9}.Release|Any CPU.Build.0 = Release|Any CPU
		{90461B86-8569-408B-AF27-1FEBA662B2D4}.Debug|Any CPU.ActiveCfg = Debug|Any CPU
		{90461B86-8569-408B-AF27-1FEBA662B2D4}.Debug|Any CPU.Build.0 = Debug|Any CPU
		{90461B86-8569-408B-AF27-1FEBA662B2D4}.Release|Any CPU.ActiveCfg = Release|Any CPU
		{90461B86-8569-408B-AF27-1FEBA662B2D4}.Release|Any CPU.Build.0 = Release|Any CPU
	EndGlobalSection
	GlobalSection(NestedProjects) = preSolution
		{4184119F-052D-4461-9861-3B9F89697695} = {EDBCAD98-8301-4413-B7DC-11E412BF4DA1}
		{90BFC564-2F50-4AF5-9AE1-437437609BF1} = {EDBCAD98-8301-4413-B7DC-11E412BF4DA1}
		{BF4DD434-F68C-4574-90AC-BD23468EFD44} = {BF41FA88-5E34-470D-9C9F-47E71FE7648C}
		{B8D0B566-0B76-4780-96CA-4460EA8D5BB9} = {4184119F-052D-4461-9861-3B9F89697695}
		{F229031D-4EDE-4932-8C40-170ABA0D475E} = {EDBCAD98-8301-4413-B7DC-11E412BF4DA1}
		{90461B86-8569-408B-AF27-1FEBA662B2D4} = {F229031D-4EDE-4932-8C40-170ABA0D475E}
	EndGlobalSection
EndGlobal
