
Microsoft Visual Studio Solution File, Format Version 12.00
#
Project("{2150E333-8FDC-42A3-9474-1A3956D46DE8}") = "Tests", "Tests", "{EDBCAD98-8301-4413-B7DC-11E412BF4DA1}"
EndProject
Project("{2150E333-8FDC-42A3-9474-1A3956D46DE8}") = "Unit", "Unit", "{4184119F-052D-4461-9861-3B9F89697695}"
EndProject
Project("{2150E333-8FDC-42A3-9474-1A3956D46DE8}") = "Integration", "Integration", "{90BFC564-2F50-4AF5-9AE1-437437609BF1}"
EndProject
Project("{2150E333-8FDC-42A3-9474-1A3956D46DE8}") = "App", "App", "{BF41FA88-5E34-470D-9C9F-47E71FE7648C}"
EndProject
Project("{FAE04EC0-301F-11D3-BF4B-00C04F79EFBC}") = "TrafficControlApp", "App\TrafficControlApp\TrafficControlApp.csproj", "{BF4DD434-F68C-4574-90AC-BD23468EFD44}"
EndProject
Project("{FAE04EC0-301F-11D3-BF4B-00C04F79EFBC}") = "TrafficControlApp.Tests", "Tests\Unit\TrafficControlApp.Tests\TrafficControlApp.Tests.csproj", "{B8D0B566-0B76-4780-96CA-4460EA8D5BB9}"
EndProject
Project("{2150E333-8FDC-42A3-9474-1A3956D46DE8}") = "TestShared", "TestShared", "{F229031D-4EDE-4932-8C40-170ABA0D475E}"
EndProject
Project("{FAE04EC0-301F-11D3-BF4B-00C04F79EFBC}") = "Common", "Tests\TestShared\Common\Common.csproj", "{90461B86-8569-408B-AF27-1FEBA662B2D4}"
EndProject
Project("{FAE04EC0-301F-11D3-BF4B-00C04F79EFBC}") = "AdminViewerTool", "App\AdminViewerTool\AdminViewerTool.csproj", "{C2B50E14-3C56-4E82-A733-779CD3BD4828}"
EndProject
Project("{FAE04EC0-301F-11D3-BF4B-00C04F79EFBC}") = "MauiAdmin", "App\MauiAdmin\MauiAdmin.csproj", "{B79CC0CF-A64E-4410-9FAB-C8E6E8866432}"
EndProject
Project("{2150E333-8FDC-42A3-9474-1A3956D46DE8}") = "BenchMarks", "BenchMarks", "{9B7C61E0-4A2E-46C6-9224-CFA86CC7C2F3}"
EndProject
Project("{FAE04EC0-301F-11D3-BF4B-00C04F79EFBC}") = "ProcessionBenchMarks", "App\ProcessionBenchMarks\ProcessionBenchMarks.csproj", "{6145D1A2-97DB-41E3-B419-8EFEFE4F114C}"
EndProject
Global
	GlobalSection(SolutionConfigurationPlatforms) = preSolution
		Debug|Any CPU = Debug|Any CPU
		Release|Any CPU = Release|Any CPU
	EndGlobalSection
	GlobalSection(ProjectConfigurationPlatforms) = postSolution
		{BF4DD434-F68C-4574-90AC-BD23468EFD44}.Debug|Any CPU.ActiveCfg = Debug|Any CPU
		{BF4DD434-F68C-4574-90AC-BD23468EFD44}.Debug|Any CPU.Build.0 = Debug|Any CPU
		{BF4DD434-F68C-4574-90AC-BD23468EFD44}.Release|Any CPU.ActiveCfg = Release|Any CPU
		{BF4DD434-F68C-4574-90AC-BD23468EFD44}.Release|Any CPU.Build.0 = Release|Any CPU
		{B8D0B566-0B76-4780-96CA-4460EA8D5BB9}.Debug|Any CPU.ActiveCfg = Debug|Any CPU
		{B8D0B566-0B76-4780-96CA-4460EA8D5BB9}.Debug|Any CPU.Build.0 = Debug|Any CPU
		{B8D0B566-0B76-4780-96CA-4460EA8D5BB9}.Release|Any CPU.ActiveCfg = Release|Any CPU
		{B8D0B566-0B76-4780-96CA-4460EA8D5BB9}.Release|Any CPU.Build.0 = Release|Any CPU
		{90461B86-8569-408B-AF27-1FEBA662B2D4}.Debug|Any CPU.ActiveCfg = Debug|Any CPU
		{90461B86-8569-408B-AF27-1FEBA662B2D4}.Debug|Any CPU.Build.0 = Debug|Any CPU
		{90461B86-8569-408B-AF27-1FEBA662B2D4}.Release|Any CPU.ActiveCfg = Release|Any CPU
		{90461B86-8569-408B-AF27-1FEBA662B2D4}.Release|Any CPU.Build.0 = Release|Any CPU
		{C2B50E14-3C56-4E82-A733-779CD3BD4828}.Debug|Any CPU.ActiveCfg = Debug|Any CPU
		{C2B50E14-3C56-4E82-A733-779CD3BD4828}.Debug|Any CPU.Build.0 = Debug|Any CPU
		{C2B50E14-3C56-4E82-A733-779CD3BD4828}.Release|Any CPU.ActiveCfg = Release|Any CPU
		{C2B50E14-3C56-4E82-A733-779CD3BD4828}.Release|Any CPU.Build.0 = Release|Any CPU
		{B79CC0CF-A64E-4410-9FAB-C8E6E8866432}.Debug|Any CPU.ActiveCfg = Debug|Any CPU
		{B79CC0CF-A64E-4410-9FAB-C8E6E8866432}.Debug|Any CPU.Build.0 = Debug|Any CPU
		{B79CC0CF-A64E-4410-9FAB-C8E6E8866432}.Release|Any CPU.ActiveCfg = Release|Any CPU
		{B79CC0CF-A64E-4410-9FAB-C8E6E8866432}.Release|Any CPU.Build.0 = Release|Any CPU
		{6145D1A2-97DB-41E3-B419-8EFEFE4F114C}.Debug|Any CPU.ActiveCfg = Debug|Any CPU
		{6145D1A2-97DB-41E3-B419-8EFEFE4F114C}.Debug|Any CPU.Build.0 = Debug|Any CPU
		{6145D1A2-97DB-41E3-B419-8EFEFE4F114C}.Release|Any CPU.ActiveCfg = Release|Any CPU
		{6145D1A2-97DB-41E3-B419-8EFEFE4F114C}.Release|Any CPU.Build.0 = Release|Any CPU
	EndGlobalSection
	GlobalSection(NestedProjects) = preSolution
		{4184119F-052D-4461-9861-3B9F89697695} = {EDBCAD98-8301-4413-B7DC-11E412BF4DA1}
		{90BFC564-2F50-4AF5-9AE1-437437609BF1} = {EDBCAD98-8301-4413-B7DC-11E412BF4DA1}
		{BF4DD434-F68C-4574-90AC-BD23468EFD44} = {BF41FA88-5E34-470D-9C9F-47E71FE7648C}
		{B8D0B566-0B76-4780-96CA-4460EA8D5BB9} = {4184119F-052D-4461-9861-3B9F89697695}
		{F229031D-4EDE-4932-8C40-170ABA0D475E} = {EDBCAD98-8301-4413-B7DC-11E412BF4DA1}
		{90461B86-8569-408B-AF27-1FEBA662B2D4} = {F229031D-4EDE-4932-8C40-170ABA0D475E}
		{C2B50E14-3C56-4E82-A733-779CD3BD4828} = {BF41FA88-5E34-470D-9C9F-47E71FE7648C}
		{B79CC0CF-A64E-4410-9FAB-C8E6E8866432} = {BF41FA88-5E34-470D-9C9F-47E71FE7648C}
		{9B7C61E0-4A2E-46C6-9224-CFA86CC7C2F3} = {BF41FA88-5E34-470D-9C9F-47E71FE7648C}
		{6145D1A2-97DB-41E3-B419-8EFEFE4F114C} = {9B7C61E0-4A2E-46C6-9224-CFA86CC7C2F3}
	EndGlobalSection
EndGlobal
